
Microsoft Visual Studio Solution File, Format Version 12.00
# Visual Studio Version 17
VisualStudioVersion = 17.11.35431.28
MinimumVisualStudioVersion = 10.0.40219.1
Project("{9A19103F-16F7-4668-BE54-9A1E7A4F7556}") = "RunescapeApp", "RunescapeApp.csproj", "{CD7BF4B1-D064-40BF-B645-758B1EF8CE68}"
EndProject
Global
	GlobalSection(SolutionConfigurationPlatforms) = preSolution
		Debug|Any CPU = Debug|Any CPU
		Release|Any CPU = Release|Any CPU
	EndGlobalSection
	GlobalSection(ProjectConfigurationPlatforms) = postSolution
		{CD7BF4B1-D064-40BF-B645-758B1EF8CE68}.Debug|Any CPU.ActiveCfg = Debug|Any CPU
		{CD7BF4B1-D064-40BF-B645-758B1EF8CE68}.Debug|Any CPU.Build.0 = Debug|Any CPU
		{CD7BF4B1-D064-40BF-B645-758B1EF8CE68}.Release|Any CPU.ActiveCfg = Release|Any CPU
		{CD7BF4B1-D064-40BF-B645-758B1EF8CE68}.Release|Any CPU.Build.0 = Release|Any CPU
	EndGlobalSection
	GlobalSection(SolutionProperties) = preSolution
		HideSolutionNode = FALSE
	EndGlobalSection
	GlobalSection(ExtensibilityGlobals) = postSolution
		SolutionGuid = {2F9178A5-DAF6-4623-9F04-2BF187B357B7}
	EndGlobalSection
EndGlobal
